dependencies:
- name: graphrag-chatbot
  repository: file://../graphrag-chatbot/
  version: 1.2.2
- name: graphrag-conversation
  repository: file://../graphrag-conversation
  version: 1.2.1
- name: graphrag-components
  repository: file://../graphrag-components
  version: 1.2.1
- name: graphrag-workflows
  repository: file://../graphrag-workflows
  version: 1.2.1
- name: graphrag-evaluation
  repository: file://../graphrag-evaluation
  version: 1.0.0
digest: sha256:26b81b3f41e41a5bc093e29cec3776bac1090b48d257293099edcd51ec011b32
generated: "2026-08-24T10:40:27.578592336+03:00"
